
Microsoft Visual Studio Solution File, Format Version 12.00
# Visual Studio Version 17
VisualStudioVersion = 17.1.32210.238
MinimumVisualStudioVersion = 10.0.40219.1
Project("{FAE04EC0-301F-11D3-BF4B-00C04F79EFBC}") = "GitTest123321", "GitTest123321\GitTest123321.csproj", "{239647AD-3A16-4399-9A07-81102FF19EC4}"
EndProject
Global
	GlobalSection(SolutionConfigurationPlatforms) = preSolution
		Debug|Any CPU = Debug|Any CPU
		Release|Any CPU = Release|Any CPU
	EndGlobalSection
	GlobalSection(ProjectConfigurationPlatforms) = postSolution
		{239647AD-3A16-4399-9A07-81102FF19EC4}.Debug|Any CPU.ActiveCfg = Debug|Any CPU
		{239647AD-3A16-4399-9A07-81102FF19EC4}.Debug|Any CPU.Build.0 = Debug|Any CPU
		{239647AD-3A16-4399-9A07-81102FF19EC4}.Release|Any CPU.ActiveCfg = Release|Any CPU
		{239647AD-3A16-4399-9A07-81102FF19EC4}.Release|Any CPU.Build.0 = Release|Any CPU
	EndGlobalSection
	GlobalSection(SolutionProperties) = preSolution
		HideSolutionNode = FALSE
	EndGlobalSection
	GlobalSection(ExtensibilityGlobals) = postSolution
		SolutionGuid = {C4B202B8-160E-4F18-97B1-1EBC811F788F}
	EndGlobalSection
EndGlobal
